
Microsoft Visual Studio Solution File, Format Version 12.00
# Visual Studio Version 17
VisualStudioVersion = 17.11.35312.102
MinimumVisualStudioVersion = 10.0.40219.1
Project("{FAE04EC0-301F-11D3-BF4B-00C04F79EFBC}") = "CustomerManagement", "CustomerManagement\CustomerManagement.csproj", "{531C7AA9-8549-469D-B44E-8E9D6A2D0623}"
EndProject
Global
	GlobalSection(SolutionConfigurationPlatforms) = preSolution
		Debug|Any CPU = Debug|Any CPU
		Release|Any CPU = Release|Any CPU
	EndGlobalSection
	GlobalSection(ProjectConfigurationPlatforms) = postSolution
		{531C7AA9-8549-469D-B44E-8E9D6A2D0623}.Debug|Any CPU.ActiveCfg = Debug|Any CPU
		{531C7AA9-8549-469D-B44E-8E9D6A2D0623}.Debug|Any CPU.Build.0 = Debug|Any CPU
		{531C7AA9-8549-469D-B44E-8E9D6A2D0623}.Release|Any CPU.ActiveCfg = Release|Any CPU
		{531C7AA9-8549-469D-B44E-8E9D6A2D0623}.Release|Any CPU.Build.0 = Release|Any CPU
	EndGlobalSection
	GlobalSection(SolutionProperties) = preSolution
		HideSolutionNode = FALSE
	EndGlobalSection
	GlobalSection(ExtensibilityGlobals) = postSolution
		SolutionGuid = {B7BB7DC3-1E96-4D69-9FC4-278DEFAC9DA1}
	EndGlobalSection
EndGlobal
